{"1.1.0",
[{<<"ephp">>,{pkg,<<"ephp">>,<<"0.2.3">>},1},
 {<<"ezic">>,{pkg,<<"ezic">>,<<"0.2.0">>},2},
 {<<"fast_xml">>,{pkg,<<"fast_xml">>,<<"1.1.24">>},1},
 {<<"p1_utils">>,{pkg,<<"p1_utils">>,<<"1.0.10">>},2},
 {<<"recon">>,{pkg,<<"recon">>,<<"2.3.2">>},2},
 {<<"snatch">>,{pkg,<<"snatch">>,<<"0.4.2">>},0},
 {<<"snatch_php">>,{pkg,<<"snatch_php">>,<<"0.2.1">>},0},
 {<<"snatch_test_framework">>,{pkg,<<"snatch_test_framework">>,<<"0.6.2">>},0},
 {<<"unistring">>,{pkg,<<"unistring">>,<<"0.1.0">>},2},
 {<<"zucchini">>,{pkg,<<"zucchini">>,<<"0.1.0">>},2}]}.
[
{pkg_hash,[
 {<<"ephp">>, <<"73275AACC251E349C171A326F97BDCE7E31D02A8959A9A2419F98B0C404042A8">>},
 {<<"ezic">>, <<"62C6076884580255A5BFE3CA9DCE3397EDD6B1786B49339D3F9AED2F9F7ED8CA">>},
 {<<"fast_xml">>, <<"66F0D9FC52A862013806C1474B3335A818A33156F68F83C6538A17B6A26DB422">>},
 {<<"p1_utils">>, <<"A6D6927114BAC79CF6468A10824125492034AF7071ADC6ED5EBC4DDB443845D4">>},
 {<<"recon">>, <<"4444C879BE323B1B133EEC5241CB84BD3821EA194C740D75617E106BE4744318">>},
 {<<"snatch">>, <<"AECE0E36D01CF614B22961F3F12D5579D946D298829FC803855B88A9C9A6DC45">>},
 {<<"snatch_php">>, <<"865E784541C6B976074A95E91A871D02D0CEE77A998CCAB41C8F1B0B0DE3E4EA">>},
 {<<"snatch_test_framework">>, <<"C7DB4A5439A754CF8A164E07E216320E67914EA9EAC59790D2EC80D5F2066E80">>},
 {<<"unistring">>, <<"F1D07520C0A92BDF9A1D46F4A45BA424F27FA2D081F7C0ABA1F665C16A26B6C8">>},
 {<<"zucchini">>, <<"93F8508FDEF86395BB071BD582E4D844BB012F2AF3E986C4E49804E90E2B2B9F">>}]}
].
